// !$*UTF8*$!
{
	archiveVersion = 1;
	classes = {
	};
	objectVersion = 46;
	objects = {

/* Begin PBXBuildFile section */
		2025882B1F57929000307B76 /* AppDelegate.swift in Sources */ = {isa = PBXBuildFile; fileRef = 2025882A1F57929000307B76 /* AppDelegate.swift */; };
		202588321F57929000307B76 /* Assets.xcassets in Resources */ = {isa = PBXBuildFile; fileRef = 202588311F57929000307B76 /* Assets.xcassets */; };
		202588351F57929000307B76 /* LaunchScreen.storyboard in Resources */ = {isa = PBXBuildFile; fileRef = 202588331F57929000307B76 /* LaunchScreen.storyboard */; };
		202588401F57929000307B76 /* newsTests.swift in Sources */ = {isa = PBXBuildFile; fileRef = 2025883F1F57929000307B76 /* newsTests.swift */; };
		2025884D1F5793CA00307B76 /* StoriesViewController.swift in Sources */ = {isa = PBXBuildFile; fileRef = 2025884B1F5793CA00307B76 /* StoriesViewController.swift */; };
		2025884E1F5793CA00307B76 /* StoriesViewController.xib in Resources */ = {isa = PBXBuildFile; fileRef = 2025884C1F5793CA00307B76 /* StoriesViewController.xib */; };
		20E430021F579B3D00FA3B06 /* ApiConfig.swift in Sources */ = {isa = PBXBuildFile; fileRef = 20E430011F579B3D00FA3B06 /* ApiConfig.swift */; };
		FECF009B49B1606C67523549 /* Pods_news.framework in Frameworks */ = {isa = PBXBuildFile; fileRef = 842CC776C8DD1AA9F40515E2 /* Pods_news.framework */; };
/* End PBXBuildFile section */

/* Begin PBXContainerItemProxy section */
		2025883C1F57929000307B76 /* PBXContainerItemProxy */ = {
			isa = PBXContainerItemProxy;
			containerPortal = 2025881F1F57929000307B76 /* Project object */;
			proxyType = 1;
			remoteGlobalIDString = 202588261F57929000307B76;
			remoteInfo = news;
		};
/* End PBXContainerItemProxy section */

/* Begin PBXFileReference section */
		202588271F57929000307B76 /* news.app */ = {isa = PBXFileReference; explicitFileType = wrapper.application; includeInIndex = 0; path = news.app; sourceTree = BUILT_PRODUCTS_DIR; };
		2025882A1F57929000307B76 /* AppDelegate.swift */ = {isa = PBXFileReference; lastKnownFileType = sourcecode.swift; path = AppDelegate.swift; sourceTree = "<group>"; };
		202588311F57929000307B76 /* Assets.xcassets */ = {isa = PBXFileReference; lastKnownFileType = folder.assetcatalog; path = Assets.xcassets; sourceTree = "<group>"; };
		202588341F57929000307B76 /* Base */ = {isa = PBXFileReference; lastKnownFileType = file.storyboard; name = Base; path = Base.lproj/LaunchScreen.storyboard; sourceTree = "<group>"; };
		202588361F57929000307B76 /* Info.plist */ = {isa = PBXFileReference; lastKnownFileType = text.plist.xml; path = Info.plist; sourceTree = "<group>"; };
		2025883B1F57929000307B76 /* newsTests.xctest */ = {isa = PBXFileReference; explicitFileType = wrapper.cfbundle; includeInIndex = 0; path = newsTests.xctest; sourceTree = BUILT_PRODUCTS_DIR; };
		2025883F1F57929000307B76 /* newsTests.swift */ = {isa = PBXFileReference; lastKnownFileType = sourcecode.swift; path = newsTests.swift; sourceTree = "<group>"; };
		202588411F57929000307B76 /* Info.plist */ = {isa = PBXFileReference; lastKnownFileType = text.plist.xml; path = Info.plist; sourceTree = "<group>"; };
		2025884B1F5793CA00307B76 /* StoriesViewController.swift */ = {isa = PBXFileReference; fileEncoding = 4; lastKnownFileType = sourcecode.swift; name = StoriesViewController.swift; path = Controllers/StoriesViewController.swift; sourceTree = "<group>"; };
		2025884C1F5793CA00307B76 /* StoriesViewController.xib */ = {isa = PBXFileReference; fileEncoding = 4; lastKnownFileType = file.xib; name = StoriesViewController.xib; path = Controllers/StoriesViewController.xib; sourceTree = "<group>"; };
		20E430011F579B3D00FA3B06 /* ApiConfig.swift */ = {isa = PBXFileReference; fileEncoding = 4; lastKnownFileType = sourcecode.swift; name = ApiConfig.swift; path = Networking/ApiConfig.swift; sourceTree = "<group>"; };
		69C7DBB67D11B8AE70C02153 /* Pods-news.debug.xcconfig */ = {isa = PBXFileReference; includeInIndex = 1; lastKnownFileType = text.xcconfig; name = "Pods-news.debug.xcconfig"; path = "Pods/Target Support Files/Pods-news/Pods-news.debug.xcconfig"; sourceTree = "<group>"; };
		842CC776C8DD1AA9F40515E2 /* Pods_news.framework */ = {isa = PBXFileReference; explicitFileType = wrapper.framework; includeInIndex = 0; path = Pods_news.framework; sourceTree = BUILT_PRODUCTS_DIR; };
		EE21E70B7F407728A791E661 /* Pods-news.release.xcconfig */ = {isa = PBXFileReference; includeInIndex = 1; lastKnownFileType = text.xcconfig; name = "Pods-news.release.xcconfig"; path = "Pods/Target Support Files/Pods-news/Pods-news.release.xcconfig"; sourceTree = "<group>"; };
/* End PBXFileReference section */

/* Begin PBXFrameworksBuildPhase section */
		202588241F57929000307B76 /* Frameworks */ = {
			isa = PBXFrameworksBuildPhase;
			buildActionMask = 2147483647;
			files = (
				FECF009B49B1606C67523549 /* Pods_news.framework in Frameworks */,
			);
			runOnlyForDeploymentPostprocessing = 0;
		};
		202588381F57929000307B76 /* Frameworks */ = {
			isa = PBXFrameworksBuildPhase;
			buildActionMask = 2147483647;
			files = (
			);
			runOnlyForDeploymentPostprocessing = 0;
		};
/* End PBXFrameworksBuildPhase section */

/* Begin PBXGroup section */
		2025881E1F57928F00307B76 = {
			isa = PBXGroup;
			children = (
				202588291F57929000307B76 /* news */,
				2025883E1F57929000307B76 /* newsTests */,
				202588281F57929000307B76 /* Products */,
				88DFF183EF17585465030234 /* Pods */,
				263A4596324D42DFA07DB9DA /* Frameworks */,
			);
			sourceTree = "<group>";
		};
		202588281F57929000307B76 /* Products */ = {
			isa = PBXGroup;
			children = (
				202588271F57929000307B76 /* news.app */,
				2025883B1F57929000307B76 /* newsTests.xctest */,
			);
			name = Products;
			sourceTree = "<group>";
		};
		202588291F57929000307B76 /* news */ = {
			isa = PBXGroup;
			children = (
				20E430001F579B0E00FA3B06 /* Networking */,
				2025884A1F57939D00307B76 /* Controllers */,
				2025882A1F57929000307B76 /* AppDelegate.swift */,
				202588311F57929000307B76 /* Assets.xcassets */,
				202588331F57929000307B76 /* LaunchScreen.storyboard */,
				202588361F57929000307B76 /* Info.plist */,
			);
			path = news;
			sourceTree = "<group>";
		};
		2025883E1F57929000307B76 /* newsTests */ = {
			isa = PBXGroup;
			children = (
				2025883F1F57929000307B76 /* newsTests.swift */,
				202588411F57929000307B76 /* Info.plist */,
			);
			path = newsTests;
			sourceTree = "<group>";
		};
		2025884A1F57939D00307B76 /* Controllers */ = {
			isa = PBXGroup;
			children = (
				2025884B1F5793CA00307B76 /* StoriesViewController.swift */,
				2025884C1F5793CA00307B76 /* StoriesViewController.xib */,
			);
			name = Controllers;
			sourceTree = "<group>";
		};
		20E430001F579B0E00FA3B06 /* Networking */ = {
			isa = PBXGroup;
			children = (
				20E430011F579B3D00FA3B06 /* ApiConfig.swift */,
			);
			name = Networking;
			sourceTree = "<group>";
		};
		263A4596324D42DFA07DB9DA /* Frameworks */ = {
			isa = PBXGroup;
			children = (
				842CC776C8DD1AA9F40515E2 /* Pods_news.framework */,
			);
			name = Frameworks;
			sourceTree = "<group>";
		};
		88DFF183EF17585465030234 /* Pods */ = {
			isa = PBXGroup;
			children = (
				69C7DBB67D11B8AE70C02153 /* Pods-news.debug.xcconfig */,
				EE21E70B7F407728A791E661 /* Pods-news.release.xcconfig */,
			);
			name = Pods;
			sourceTree = "<group>";
		};
/* End PBXGroup section */

/* Begin PBXNativeTarget section */
		202588261F57929000307B76 /* news */ = {
			isa = PBXNativeTarget;
			buildConfigurationList = 202588441F57929000307B76 /* Build configuration list for PBXNativeTarget "news" */;
			buildPhases = (
				5D8D051C3BA93A0045118067 /* [CP] Check Pods Manifest.lock */,
				202588231F57929000307B76 /* Sources */,
				202588241F57929000307B76 /* Frameworks */,
				202588251F57929000307B76 /* Resources */,
				8B15091E119525E8238046DF /* [CP] Embed Pods Frameworks */,
				60C4EDE5D36306326EC3860E /* [CP] Copy Pods Resources */,
			);
			buildRules = (
			);
			dependencies = (
			);
			name = news;
			productName = news;
			productReference = 202588271F57929000307B76 /* news.app */;
			productType = "com.apple.product-type.application";
		};
		2025883A1F57929000307B76 /* newsTests */ = {
			isa = PBXNativeTarget;
			buildConfigurationList = 202588471F57929000307B76 /* Build configuration list for PBXNativeTarget "newsTests" */;
			buildPhases = (
				202588371F57929000307B76 /* Sources */,
				202588381F57929000307B76 /* Frameworks */,
				202588391F57929000307B76 /* Resources */,
			);
			buildRules = (
			);
			dependencies = (
				2025883D1F57929000307B76 /* PBXTargetDependency */,
			);
			name = newsTests;
			productName = newsTests;
			productReference = 2025883B1F57929000307B76 /* newsTests.xctest */;
			productType = "com.apple.product-type.bundle.unit-test";
		};
/* End PBXNativeTarget section */

/* Begin PBXProject section */
		2025881F1F57929000307B76 /* Project object */ = {
			isa = PBXProject;
			attributes = {
				LastSwiftUpdateCheck = 0830;
				LastUpgradeCheck = 0830;
				ORGANIZATIONNAME = "Benjamin Fantini";
				TargetAttributes = {
					202588261F57929000307B76 = {
						CreatedOnToolsVersion = 8.3.3;
						DevelopmentTeam = L9ME32S49A;
						ProvisioningStyle = Automatic;
					};
					2025883A1F57929000307B76 = {
						CreatedOnToolsVersion = 8.3.3;
						DevelopmentTeam = L9ME32S49A;
						ProvisioningStyle = Automatic;
						TestTargetID = 202588261F57929000307B76;
					};
				};
			};
			buildConfigurationList = 202588221F57929000307B76 /* Build configuration list for PBXProject "news" */;
			compatibilityVersion = "Xcode 3.2";
			developmentRegion = English;
			hasScannedForEncodings = 0;
			knownRegions = (
				en,
				Base,
			);
			mainGroup = 2025881E1F57928F00307B76;
			productRefGroup = 202588281F57929000307B76 /* Products */;
			projectDirPath = "";
			projectRoot = "";
			targets = (
				202588261F57929000307B76 /* news */,
				2025883A1F57929000307B76 /* newsTests */,
			);
		};
/* End PBXProject section */

/* Begin PBXResourcesBuildPhase section */
		202588251F57929000307B76 /* Resources */ = {
			isa = PBXResourcesBuildPhase;
			buildActionMask = 2147483647;
			files = (
				202588351F57929000307B76 /* LaunchScreen.storyboard in Resources */,
				2025884E1F5793CA00307B76 /* StoriesViewController.xib in Resources */,
				202588321F57929000307B76 /* Assets.xcassets in Resources */,
			);
			runOnlyForDeploymentPostprocessing = 0;
		};
		202588391F57929000307B76 /* Resources */ = {
			isa = PBXResourcesBuildPhase;
			buildActionMask = 2147483647;
			files = (
			);
			runOnlyForDeploymentPostprocessing = 0;
		};
/* End PBXResourcesBuildPhase section */

/* Begin PBXShellScriptBuildPhase section */
		5D8D051C3BA93A0045118067 /* [CP] Check Pods Manifest.lock */ = {
			isa = PBXShellScriptBuildPhase;
			buildActionMask = 2147483647;
			files = (
			);
			inputPaths = (
				"${PODS_PODFILE_DIR_PATH}/Podfile.lock",
				"${PODS_ROOT}/Manifest.lock",
			);
			name = "[CP] Check Pods Manifest.lock";
			outputPaths = (
				"$(DERIVED_FILE_DIR)/Pods-news-checkManifestLockResult.txt",
			);
			runOnlyForDeploymentPostprocessing = 0;
			shellPath = /bin/sh;
			shellScript = "diff \"${PODS_PODFILE_DIR_PATH}/Podfile.lock\" \"${PODS_ROOT}/Manifest.lock\" > /dev/null\nif [ $? != 0 ] ; then\n    # print error to STDERR\n    echo \"error: The sandbox is not in sync with the Podfile.lock. Run 'pod install' or update your CocoaPods installation.\" >&2\n    exit 1\nfi\n# This output is used by Xcode 'outputs' to avoid re-running this script phase.\necho \"SUCCESS\" > \"${SCRIPT_OUTPUT_FILE_0}\"\n";
			showEnvVarsInLog = 0;
		};
		60C4EDE5D36306326EC3860E /* [CP] Copy Pods Resources */ = {
			isa = PBXShellScriptBuildPhase;
			buildActionMask = 2147483647;
			files = (
			);
			inputPaths = (
			);
			name = "[CP] Copy Pods Resources";
			outputPaths = (
			);
			runOnlyForDeploymentPostprocessing = 0;
			shellPath = /bin/sh;
			shellScript = "\"${SRCROOT}/Pods/Target Support Files/Pods-news/Pods-news-resources.sh\"\n";
			showEnvVarsInLog = 0;
		};
		8B15091E119525E8238046DF /* [CP] Embed Pods Frameworks */ = {
			isa = PBXShellScriptBuildPhase;
			buildActionMask = 2147483647;
			files = (
			);
			inputPaths = (
				"${SRCROOT}/Pods/Target Support Files/Pods-news/Pods-news-frameworks.sh",
				"${BUILT_PRODUCTS_DIR}/Alamofire/Alamofire.framework",
				"${BUILT_PRODUCTS_DIR}/Realm/Realm.framework",
				"${BUILT_PRODUCTS_DIR}/SwiftyJSON/SwiftyJSON.framework",
			);
			name = "[CP] Embed Pods Frameworks";
			outputPaths = (
				"${TARGET_BUILD_DIR}/${FRAMEWORKS_FOLDER_PATH}/Alamofire.framework",
				"${TARGET_BUILD_DIR}/${FRAMEWORKS_FOLDER_PATH}/Realm.framework",
				"${TARGET_BUILD_DIR}/${FRAMEWORKS_FOLDER_PATH}/SwiftyJSON.framework",
			);
			runOnlyForDeploymentPostprocessing = 0;
			shellPath = /bin/sh;
			shellScript = "\"${SRCROOT}/Pods/Target Support Files/Pods-news/Pods-news-frameworks.sh\"\n";
			showEnvVarsInLog = 0;
		};
/* End PBXShellScriptBuildPhase section */

/* Begin PBXSourcesBuildPhase section */
		202588231F57929000307B76 /* Sources */ = {
			isa = PBXSourcesBuildPhase;
			buildActionMask = 2147483647;
			files = (
				2025884D1F5793CA00307B76 /* StoriesViewController.swift in Sources */,
				2025882B1F57929000307B76 /* AppDelegate.swift in Sources */,
				20E430021F579B3D00FA3B06 /* ApiConfig.swift in Sources */,
			);
			runOnlyForDeploymentPostprocessing = 0;
		};
		202588371F57929000307B76 /* Sources */ = {
			isa = PBXSourcesBuildPhase;
			buildActionMask = 2147483647;
			files = (
				202588401F57929000307B76 /* newsTests.swift in Sources */,
			);
			runOnlyForDeploymentPostprocessing = 0;
		};
/* End PBXSourcesBuildPhase section */

/* Begin PBXTargetDependency section */
		2025883D1F57929000307B76 /* PBXTargetDependency */ = {
			isa = PBXTargetDependency;
			target = 202588261F57929000307B76 /* news */;
			targetProxy = 2025883C1F57929000307B76 /* PBXContainerItemProxy */;
		};
/* End PBXTargetDependency section */

/* Begin PBXVariantGroup section */
		202588331F57929000307B76 /* LaunchScreen.storyboard */ = {
			isa = PBXVariantGroup;
			children = (
				202588341F57929000307B76 /* Base */,
			);
			name = LaunchScreen.storyboard;
			sourceTree = "<group>";
		};
/* End PBXVariantGroup section */

/* Begin XCBuildConfiguration section */
		202588421F57929000307B76 /* Debug */ = {
			isa = XCBuildConfiguration;
			buildSettings = {
				ALWAYS_SEARCH_USER_PATHS = NO;
				CLANG_ANALYZER_NONNULL = YES;
				CLANG_ANALYZER_NUMBER_OBJECT_CONVERSION = YES_AGGRESSIVE;
				CLANG_CXX_LANGUAGE_STANDARD = "gnu++0x";
				CLANG_CXX_LIBRARY = "libc++";
				CLANG_ENABLE_MODULES = YES;
				CLANG_ENABLE_OBJC_ARC = YES;
				CLANG_WARN_BOOL_CONVERSION = YES;
				CLANG_WARN_CONSTANT_CONVERSION = YES;
				CLANG_WARN_DIRECT_OBJC_ISA_USAGE = YES_ERROR;
				CLANG_WARN_DOCUMENTATION_COMMENTS = YES;
				CLANG_WARN_EMPTY_BODY = YES;
				CLANG_WARN_ENUM_CONVERSION = YES;
				CLANG_WARN_INFINITE_RECURSION = YES;
				CLANG_WARN_INT_CONVERSION = YES;
				CLANG_WARN_OBJC_ROOT_CLASS = YES_ERROR;
				CLANG_WARN_SUSPICIOUS_MOVE = YES;
				CLANG_WARN_UNREACHABLE_CODE = YES;
				CLANG_WARN__DUPLICATE_METHOD_MATCH = YES;
				"CODE_SIGN_IDENTITY[sdk=iphoneos*]" = "iPhone Developer";
				COPY_PHASE_STRIP = NO;
				DEBUG_INFORMATION_FORMAT = dwarf;
				ENABLE_STRICT_OBJC_MSGSEND = YES;
				ENABLE_TESTABILITY = YES;
				GCC_C_LANGUAGE_STANDARD = gnu99;
				GCC_DYNAMIC_NO_PIC = NO;
				GCC_NO_COMMON_BLOCKS = YES;
				GCC_OPTIMIZATION_LEVEL = 0;
				GCC_PREPROCESSOR_DEFINITIONS = (
					"DEBUG=1",
					"$(inherited)",
				);
				GCC_WARN_64_TO_32_BIT_CONVERSION = YES;
				GCC_WARN_ABOUT_RETURN_TYPE = YES_ERROR;
				GCC_WARN_UNDECLARED_SELECTOR = YES;
				GCC_WARN_UNINITIALIZED_AUTOS = YES_AGGRESSIVE;
				GCC_WARN_UNUSED_FUNCTION = YES;
				GCC_WARN_UNUSED_VARIABLE = YES;
				IPHONEOS_DEPLOYMENT_TARGET = 10.3;
				MTL_ENABLE_DEBUG_INFO = YES;
				ONLY_ACTIVE_ARCH = YES;
				SDKROOT = iphoneos;
				SWIFT_ACTIVE_COMPILATION_CONDITIONS = DEBUG;
				SWIFT_OPTIMIZATION_LEVEL = "-Onone";
			};
			name = Debug;
		};
		202588431F57929000307B76 /* Release */ = {
			isa = XCBuildConfiguration;
			buildSettings = {
				ALWAYS_SEARCH_USER_PATHS = NO;
				CLANG_ANALYZER_NONNULL = YES;
				CLANG_ANALYZER_NUMBER_OBJECT_CONVERSION = YES_AGGRESSIVE;
				CLANG_CXX_LANGUAGE_STANDARD = "gnu++0x";
				CLANG_CXX_LIBRARY = "libc++";
				CLANG_ENABLE_MODULES = YES;
				CLANG_ENABLE_OBJC_ARC = YES;
				CLANG_WARN_BOOL_CONVERSION = YES;
				CLANG_WARN_CONSTANT_CONVERSION = YES;
				CLANG_WARN_DIRECT_OBJC_ISA_USAGE = YES_ERROR;
				CLANG_WARN_DOCUMENTATION_COMMENTS = YES;
				CLANG_WARN_EMPTY_BODY = YES;
				CLANG_WARN_ENUM_CONVERSION = YES;
				CLANG_WARN_INFINITE_RECURSION = YES;
				CLANG_WARN_INT_CONVERSION = YES;
				CLANG_WARN_OBJC_ROOT_CLASS = YES_ERROR;
				CLANG_WARN_SUSPICIOUS_MOVE = YES;
				CLANG_WARN_UNREACHABLE_CODE = YES;
				CLANG_WARN__DUPLICATE_METHOD_MATCH = YES;
				"CODE_SIGN_IDENTITY[sdk=iphoneos*]" = "iPhone Developer";
				COPY_PHASE_STRIP = NO;
				DEBUG_INFORMATION_FORMAT = "dwarf-with-dsym";
				ENABLE_NS_ASSERTIONS = NO;
				ENABLE_STRICT_OBJC_MSGSEND = YES;
				GCC_C_LANGUAGE_STANDARD = gnu99;
				GCC_NO_COMMON_BLOCKS = YES;
				GCC_WARN_64_TO_32_BIT_CONVERSION = YES;
				GCC_WARN_ABOUT_RETURN_TYPE = YES_ERROR;
				GCC_WARN_UNDECLARED_SELECTOR = YES;
				GCC_WARN_UNINITIALIZED_AUTOS = YES_AGGRESSIVE;
				GCC_WARN_UNUSED_FUNCTION = YES;
				GCC_WARN_UNUSED_VARIABLE = YES;
				IPHONEOS_DEPLOYMENT_TARGET = 10.3;
				MTL_ENABLE_DEBUG_INFO = NO;
				SDKROOT = iphoneos;
				SWIFT_OPTIMIZATION_LEVEL = "-Owholemodule";
				VALIDATE_PRODUCT = YES;
			};
			name = Release;
		};
		202588451F57929000307B76 /* Debug */ = {
			isa = XCBuildConfiguration;
			baseConfigurationReference = 69C7DBB67D11B8AE70C02153 /* Pods-news.debug.xcconfig */;
			buildSettings = {
				ASSETCATALOG_COMPILER_APPICON_NAME = AppIcon;
				DEVELOPMENT_TEAM = L9ME32S49A;
				INFOPLIST_FILE = news/Info.plist;
				LD_RUNPATH_SEARCH_PATHS = "$(inherited) @executable_path/Frameworks";
				PRODUCT_BUNDLE_IDENTIFIER = com.bdfantini.news;
				PRODUCT_NAME = "$(TARGET_NAME)";
				SWIFT_VERSION = 3.0;
			};
			name = Debug;
		};
		202588461F57929000307B76 /* Release */ = {
			isa = XCBuildConfiguration;
			baseConfigurationReference = EE21E70B7F407728A791E661 /* Pods-news.release.xcconfig */;
			buildSettings = {
				ASSETCATALOG_COMPILER_APPICON_NAME = AppIcon;
				DEVELOPMENT_TEAM = L9ME32S49A;
				INFOPLIST_FILE = news/Info.plist;
				LD_RUNPATH_SEARCH_PATHS = "$(inherited) @executable_path/Frameworks";
				PRODUCT_BUNDLE_IDENTIFIER = com.bdfantini.news;
				PRODUCT_NAME = "$(TARGET_NAME)";
				SWIFT_VERSION = 3.0;
			};
			name = Release;
		};
		202588481F57929000307B76 /* Debug */ = {
			isa = XCBuildConfiguration;
			buildSettings = {
				ALWAYS_EMBED_SWIFT_STANDARD_LIBRARIES = YES;
				BUNDLE_LOADER = "$(TEST_HOST)";
				DEVELOPMENT_TEAM = L9ME32S49A;
				INFOPLIST_FILE = newsTests/Info.plist;
				LD_RUNPATH_SEARCH_PATHS = "$(inherited) @executable_path/Frameworks @loader_path/Frameworks";
				PRODUCT_BUNDLE_IDENTIFIER = com.bdfantini.newsTests;
				PRODUCT_NAME = "$(TARGET_NAME)";
				SWIFT_VERSION = 3.0;
				TEST_HOST = "$(BUILT_PRODUCTS_DIR)/news.app/news";
			};
			name = Debug;
		};
		202588491F57929000307B76 /* Release */ = {
			isa = XCBuildConfiguration;
			buildSettings = {
				ALWAYS_EMBED_SWIFT_STANDARD_LIBRARIES = YES;
				BUNDLE_LOADER = "$(TEST_HOST)";
				DEVELOPMENT_TEAM = L9ME32S49A;
				INFOPLIST_FILE = newsTests/Info.plist;
				LD_RUNPATH_SEARCH_PATHS = "$(inherited) @executable_path/Frameworks @loader_path/Frameworks";
				PRODUCT_BUNDLE_IDENTIFIER = com.bdfantini.newsTests;
				PRODUCT_NAME = "$(TARGET_NAME)";
				SWIFT_VERSION = 3.0;
				TEST_HOST = "$(BUILT_PRODUCTS_DIR)/news.app/news";
			};
			name = Release;
		};
/* End XCBuildConfiguration section */

/* Begin XCConfigurationList section */
		202588221F57929000307B76 /* Build configuration list for PBXProject "news" */ = {
			isa = XCConfigurationList;
			buildConfigurations = (
				202588421F57929000307B76 /* Debug */,
				202588431F57929000307B76 /* Release */,
			);
			defaultConfigurationIsVisible = 0;
			defaultConfigurationName = Release;
		};
		202588441F57929000307B76 /* Build configuration list for PBXNativeTarget "news" */ = {
			isa = XCConfigurationList;
			buildConfigurations = (
				202588451F57929000307B76 /* Debug */,
				202588461F57929000307B76 /* Release */,
			);
			defaultConfigurationIsVisible = 0;
			defaultConfigurationName = Release;
		};
		202588471F57929000307B76 /* Build configuration list for PBXNativeTarget "newsTests" */ = {
			isa = XCConfigurationList;
			buildConfigurations = (
				202588481F57929000307B76 /* Debug */,
				202588491F57929000307B76 /* Release */,
			);
			defaultConfigurationIsVisible = 0;
			defaultConfigurationName = Release;
		};
/* End XCConfigurationList section */
	};
	rootObject = 2025881F1F57929000307B76 /* Project object */;
}
